
Microsoft Visual Studio Solution File, Format Version 12.00
Project("{FAE04EC0-301F-11D3-BF4B-00C04F79EFBC}") = "Lab2-EstebanPacheco", "Lab2-EstebanPacheco\Lab2-EstebanPacheco.csproj", "{D57016A1-0657-4A0D-A219-A094F212ACC2}"
EndProject
Global
	GlobalSection(SolutionConfigurationPlatforms) = preSolution
		Debug|Any CPU = Debug|Any CPU
		Release|Any CPU = Release|Any CPU
	EndGlobalSection
	GlobalSection(ProjectConfigurationPlatforms) = postSolution
		{D57016A1-0657-4A0D-A219-A094F212ACC2}.Debug|Any CPU.ActiveCfg = Debug|Any CPU
		{D57016A1-0657-4A0D-A219-A094F212ACC2}.Debug|Any CPU.Build.0 = Debug|Any CPU
		{D57016A1-0657-4A0D-A219-A094F212ACC2}.Release|Any CPU.ActiveCfg = Release|Any CPU
		{D57016A1-0657-4A0D-A219-A094F212ACC2}.Release|Any CPU.Build.0 = Release|Any CPU
	EndGlobalSection
EndGlobal
